// !$*UTF8*$!
{
	archiveVersion = 1;
	classes = {
	};
	objectVersion = 56;
	objects = {

/* Begin PBXBuildFile section */
		E3C1D30F290A86EC0066C530 /* AppleCalculatorApp.swift in Sources */ = {isa = PBXBuildFile; fileRef = E3C1D30E290A86EC0066C530 /* AppleCalculatorApp.swift */; };
		E3C1D313290A86ED0066C530 /* Assets.xcassets in Resources */ = {isa = PBXBuildFile; fileRef = E3C1D312290A86ED0066C530 /* Assets.xcassets */; };
		E3C1D316290A86ED0066C530 /* Preview Assets.xcassets in Resources */ = {isa = PBXBuildFile; fileRef = E3C1D315290A86ED0066C530 /* Preview Assets.xcassets */; };
/* End PBXBuildFile section */

/* Begin PBXFileReference section */
		E3C1D30B290A86EC0066C530 /* Tutorial_RM_AppleCalculator.app */ = {isa = PBXFileReference; explicitFileType = wrapper.application; includeInIndex = 0; path = Tutorial_RM_AppleCalculator.app; sourceTree = BUILT_PRODUCTS_DIR; };
		E3C1D30E290A86EC0066C530 /* AppleCalculatorApp.swift */ = {isa = PBXFileReference; lastKnownFileType = sourcecode.swift; path = AppleCalculatorApp.swift; sourceTree = "<group>"; };
		E3C1D312290A86ED0066C530 /* Assets.xcassets */ = {isa = PBXFileReference; lastKnownFileType = folder.assetcatalog; path = Assets.xcassets; sourceTree = "<group>"; };
		E3C1D315290A86ED0066C530 /* Preview Assets.xcassets */ = {isa = PBXFileReference; lastKnownFileType = folder.assetcatalog; path = "Preview Assets.xcassets"; sourceTree = "<group>"; };
/* End PBXFileReference section */

/* Begin PBXFrameworksBuildPhase section */
		E3C1D308290A86EC0066C530 /* Frameworks */ = {
			isa = PBXFrameworksBuildPhase;
			buildActionMask = 2147483647;
			files = (
			);
			runOnlyForDeploymentPostprocessing = 0;
		};
/* End PBXFrameworksBuildPhase section */

/* Begin PBXGroup section */
		E3C1D302290A86EC0066C530 = {
			isa = PBXGroup;
			children = (
				E3C1D30D290A86EC0066C530 /* Tutorial_RM_AppleCalculator */,
				E3C1D30C290A86EC0066C530 /* Products */,
			);
			sourceTree = "<group>";
		};
		E3C1D30C290A86EC0066C530 /* Products */ = {
			isa = PBXGroup;
			children = (
				E3C1D30B290A86EC0066C530 /* Tutorial_RM_AppleCalculator.app */,
			);
			name = Products;
			sourceTree = "<group>";
		};
		E3C1D30D290A86EC0066C530 /* Tutorial_RM_AppleCalculator */ = {
			isa = PBXGroup;
			children = (
				E3C1D31C290A89A60066C530 /* 0-) App */,
				E3C1D322290A8AB40066C530 /* 1-) Resource */,
				E3C1D31D290A8A320066C530 /* 2-) Source */,
				E3C1D31E290A8A6D0066C530 /* 3-) Interface */,
				E3C1D31F290A8A850066C530 /* 4-) Test */,
				E3C1D320290A8A8E0066C530 /* 5-) Documentation */,
				E3C1D321290A8AA10066C530 /* 6-) Support */,
				E3C1D312290A86ED0066C530 /* Assets.xcassets */,
				E3C1D314290A86ED0066C530 /* Preview Content */,
			);
			path = Tutorial_RM_AppleCalculator;
			sourceTree = "<group>";
		};
		E3C1D314290A86ED0066C530 /* Preview Content */ = {
			isa = PBXGroup;
			children = (
				E3C1D315290A86ED0066C530 /* Preview Assets.xcassets */,
			);
			path = "Preview Content";
			sourceTree = "<group>";
		};
		E3C1D31C290A89A60066C530 /* 0-) App */ = {
			isa = PBXGroup;
			children = (
				E3C1D30E290A86EC0066C530 /* AppleCalculatorApp.swift */,
			);
			path = "0-) App";
			sourceTree = "<group>";
		};
		E3C1D31D290A8A320066C530 /* 2-) Source */ = {
			isa = PBXGroup;
			children = (
			);
			path = "2-) Source";
			sourceTree = "<group>";
		};
		E3C1D31E290A8A6D0066C530 /* 3-) Interface */ = {
			isa = PBXGroup;
			children = (
			);
			path = "3-) Interface";
			sourceTree = "<group>";
		};
		E3C1D31F290A8A850066C530 /* 4-) Test */ = {
			isa = PBXGroup;
			children = (
			);
			path = "4-) Test";
			sourceTree = "<group>";
		};
		E3C1D320290A8A8E0066C530 /* 5-) Documentation */ = {
			isa = PBXGroup;
			children = (
			);
			path = "5-) Documentation";
			sourceTree = "<group>";
		};
		E3C1D321290A8AA10066C530 /* 6-) Support */ = {
			isa = PBXGroup;
			children = (
			);
			path = "6-) Support";
			sourceTree = "<group>";
		};
		E3C1D322290A8AB40066C530 /* 1-) Resource */ = {
			isa = PBXGroup;
			children = (
			);
			path = "1-) Resource";
			sourceTree = "<group>";
		};
/* End PBXGroup section */

/* Begin PBXNativeTarget section */
		E3C1D30A290A86EC0066C530 /* Tutorial_RM_AppleCalculator */ = {
			isa = PBXNativeTarget;
			buildConfigurationList = E3C1D319290A86ED0066C530 /* Build configuration list for PBXNativeTarget "Tutorial_RM_AppleCalculator" */;
			buildPhases = (
				E3C1D307290A86EC0066C530 /* Sources */,
				E3C1D308290A86EC0066C530 /* Frameworks */,
				E3C1D309290A86EC0066C530 /* Resources */,
			);
			buildRules = (
			);
			dependencies = (
			);
			name = Tutorial_RM_AppleCalculator;
			productName = Tutorial_RM_AppleCalculator;
			productReference = E3C1D30B290A86EC0066C530 /* Tutorial_RM_AppleCalculator.app */;
			productType = "com.apple.product-type.application";
		};
/* End PBXNativeTarget section */

/* Begin PBXProject section */
		E3C1D303290A86EC0066C530 /* Project object */ = {
			isa = PBXProject;
			attributes = {
				BuildIndependentTargetsInParallel = 1;
				LastSwiftUpdateCheck = 1400;
				LastUpgradeCheck = 1400;
				TargetAttributes = {
					E3C1D30A290A86EC0066C530 = {
						CreatedOnToolsVersion = 14.0.1;
					};
				};
			};
			buildConfigurationList = E3C1D306290A86EC0066C530 /* Build configuration list for PBXProject "Tutorial_RM_AppleCalculator" */;
			compatibilityVersion = "Xcode 14.0";
			developmentRegion = en;
			hasScannedForEncodings = 0;
			knownRegions = (
				en,
				Base,
			);
			mainGroup = E3C1D302290A86EC0066C530;
			productRefGroup = E3C1D30C290A86EC0066C530 /* Products */;
			projectDirPath = "";
			projectRoot = "";
			targets = (
				E3C1D30A290A86EC0066C530 /* Tutorial_RM_AppleCalculator */,
			);
		};
/* End PBXProject section */

/* Begin PBXResourcesBuildPhase section */
		E3C1D309290A86EC0066C530 /* Resources */ = {
			isa = PBXResourcesBuildPhase;
			buildActionMask = 2147483647;
			files = (
				E3C1D316290A86ED0066C530 /* Preview Assets.xcassets in Resources */,
				E3C1D313290A86ED0066C530 /* Assets.xcassets in Resources */,
			);
			runOnlyForDeploymentPostprocessing = 0;
		};
/* End PBXResourcesBuildPhase section */

/* Begin PBXSourcesBuildPhase section */
		E3C1D307290A86EC0066C530 /* Sources */ = {
			isa = PBXSourcesBuildPhase;
			buildActionMask = 2147483647;
			files = (
				E3C1D30F290A86EC0066C530 /* AppleCalculatorApp.swift in Sources */,
			);
			runOnlyForDeploymentPostprocessing = 0;
		};
/* End PBXSourcesBuildPhase section */

/* Begin XCBuildConfiguration section */
		E3C1D317290A86ED0066C530 /* Debug */ = {
			isa = XCBuildConfiguration;
			buildSettings = {
				ALWAYS_SEARCH_USER_PATHS = NO;
				CLANG_ANALYZER_NONNULL = YES;
				CLANG_ANALYZER_NUMBER_OBJECT_CONVERSION = YES_AGGRESSIVE;
				CLANG_CXX_LANGUAGE_STANDARD = "gnu++20";
				CLANG_ENABLE_MODULES = YES;
				CLANG_ENABLE_OBJC_ARC = YES;
				CLANG_ENABLE_OBJC_WEAK = YES;
				CLANG_WARN_BLOCK_CAPTURE_AUTORELEASING = YES;
				CLANG_WARN_BOOL_CONVERSION = YES;
				CLANG_WARN_COMMA = YES;
				CLANG_WARN_CONSTANT_CONVERSION = YES;
				CLANG_WARN_DEPRECATED_OBJC_IMPLEMENTATIONS = YES;
				CLANG_WARN_DIRECT_OBJC_ISA_USAGE = YES_ERROR;
				CLANG_WARN_DOCUMENTATION_COMMENTS = YES;
				CLANG_WARN_EMPTY_BODY = YES;
				CLANG_WARN_ENUM_CONVERSION = YES;
				CLANG_WARN_INFINITE_RECURSION = YES;
				CLANG_WARN_INT_CONVERSION = YES;
				CLANG_WARN_NON_LITERAL_NULL_CONVERSION = YES;
				CLANG_WARN_OBJC_IMPLICIT_RETAIN_SELF = YES;
				CLANG_WARN_OBJC_LITERAL_CONVERSION = YES;
				CLANG_WARN_OBJC_ROOT_CLASS = YES_ERROR;
				CLANG_WARN_QUOTED_INCLUDE_IN_FRAMEWORK_HEADER = YES;
				CLANG_WARN_RANGE_LOOP_ANALYSIS = YES;
				CLANG_WARN_STRICT_PROTOTYPES = YES;
				CLANG_WARN_SUSPICIOUS_MOVE = YES;
				CLANG_WARN_UNGUARDED_AVAILABILITY = YES_AGGRESSIVE;
				CLANG_WARN_UNREACHABLE_CODE = YES;
				CLANG_WARN__DUPLICATE_METHOD_MATCH = YES;
				COPY_PHASE_STRIP = NO;
				DEBUG_INFORMATION_FORMAT = dwarf;
				ENABLE_STRICT_OBJC_MSGSEND = YES;
				ENABLE_TESTABILITY = YES;
				GCC_C_LANGUAGE_STANDARD = gnu11;
				GCC_DYNAMIC_NO_PIC = NO;
				GCC_NO_COMMON_BLOCKS = YES;
				GCC_OPTIMIZATION_LEVEL = 0;
				GCC_PREPROCESSOR_DEFINITIONS = (
					"DEBUG=1",
					"$(inherited)",
				);
				GCC_WARN_64_TO_32_BIT_CONVERSION = YES;
				GCC_WARN_ABOUT_RETURN_TYPE = YES_ERROR;
				GCC_WARN_UNDECLARED_SELECTOR = YES;
				GCC_WARN_UNINITIALIZED_AUTOS = YES_AGGRESSIVE;
				GCC_WARN_UNUSED_FUNCTION = YES;
				GCC_WARN_UNUSED_VARIABLE = YES;
				IPHONEOS_DEPLOYMENT_TARGET = 16.0;
				MTL_ENABLE_DEBUG_INFO = INCLUDE_SOURCE;
				MTL_FAST_MATH = YES;
				ONLY_ACTIVE_ARCH = YES;
				SDKROOT = iphoneos;
				SWIFT_ACTIVE_COMPILATION_CONDITIONS = DEBUG;
				SWIFT_OPTIMIZATION_LEVEL = "-Onone";
			};
			name = Debug;
		};
		E3C1D318290A86ED0066C530 /* Release */ = {
			isa = XCBuildConfiguration;
			buildSettings = {
				ALWAYS_SEARCH_USER_PATHS = NO;
				CLANG_ANALYZER_NONNULL = YES;
				CLANG_ANALYZER_NUMBER_OBJECT_CONVERSION = YES_AGGRESSIVE;
				CLANG_CXX_LANGUAGE_STANDARD = "gnu++20";
				CLANG_ENABLE_MODULES = YES;
				CLANG_ENABLE_OBJC_ARC = YES;
				CLANG_ENABLE_OBJC_WEAK = YES;
				CLANG_WARN_BLOCK_CAPTURE_AUTORELEASING = YES;
				CLANG_WARN_BOOL_CONVERSION = YES;
				CLANG_WARN_COMMA = YES;
				CLANG_WARN_CONSTANT_CONVERSION = YES;
				CLANG_WARN_DEPRECATED_OBJC_IMPLEMENTATIONS = YES;
				CLANG_WARN_DIRECT_OBJC_ISA_USAGE = YES_ERROR;
				CLANG_WARN_DOCUMENTATION_COMMENTS = YES;
				CLANG_WARN_EMPTY_BODY = YES;
				CLANG_WARN_ENUM_CONVERSION = YES;
				CLANG_WARN_INFINITE_RECURSION = YES;
				CLANG_WARN_INT_CONVERSION = YES;
				CLANG_WARN_NON_LITERAL_NULL_CONVERSION = YES;
				CLANG_WARN_OBJC_IMPLICIT_RETAIN_SELF = YES;
				CLANG_WARN_OBJC_LITERAL_CONVERSION = YES;
				CLANG_WARN_OBJC_ROOT_CLASS = YES_ERROR;
				CLANG_WARN_QUOTED_INCLUDE_IN_FRAMEWORK_HEADER = YES;
				CLANG_WARN_RANGE_LOOP_ANALYSIS = YES;
				CLANG_WARN_STRICT_PROTOTYPES = YES;
				CLANG_WARN_SUSPICIOUS_MOVE = YES;
				CLANG_WARN_UNGUARDED_AVAILABILITY = YES_AGGRESSIVE;
				CLANG_WARN_UNREACHABLE_CODE = YES;
				CLANG_WARN__DUPLICATE_METHOD_MATCH = YES;
				COPY_PHASE_STRIP = NO;
				DEBUG_INFORMATION_FORMAT = "dwarf-with-dsym";
				ENABLE_NS_ASSERTIONS = NO;
				ENABLE_STRICT_OBJC_MSGSEND = YES;
				GCC_C_LANGUAGE_STANDARD = gnu11;
				GCC_NO_COMMON_BLOCKS = YES;
				GCC_WARN_64_TO_32_BIT_CONVERSION = YES;
				GCC_WARN_ABOUT_RETURN_TYPE = YES_ERROR;
				GCC_WARN_UNDECLARED_SELECTOR = YES;
				GCC_WARN_UNINITIALIZED_AUTOS = YES_AGGRESSIVE;
				GCC_WARN_UNUSED_FUNCTION = YES;
				GCC_WARN_UNUSED_VARIABLE = YES;
				IPHONEOS_DEPLOYMENT_TARGET = 16.0;
				MTL_ENABLE_DEBUG_INFO = NO;
				MTL_FAST_MATH = YES;
				SDKROOT = iphoneos;
				SWIFT_COMPILATION_MODE = wholemodule;
				SWIFT_OPTIMIZATION_LEVEL = "-O";
				VALIDATE_PRODUCT = YES;
			};
			name = Release;
		};
		E3C1D31A290A86ED0066C530 /* Debug */ = {
			isa = XCBuildConfiguration;
			buildSettings = {
				ASSETCATALOG_COMPILER_APPICON_NAME = AppIcon;
				ASSETCATALOG_COMPILER_GLOBAL_ACCENT_COLOR_NAME = AccentColor;
				CODE_SIGN_STYLE = Automatic;
				CURRENT_PROJECT_VERSION = 1;
				DEVELOPMENT_ASSET_PATHS = "\"Tutorial_RM_AppleCalculator/Preview Content\"";
				DEVELOPMENT_TEAM = AM5TRWBH6U;
				ENABLE_PREVIEWS = YES;
				GENERATE_INFOPLIST_FILE = YES;
				INFOPLIST_KEY_UIApplicationSceneManifest_Generation = YES;
				INFOPLIST_KEY_UIApplicationSupportsIndirectInputEvents = YES;
				INFOPLIST_KEY_UILaunchScreen_Generation = YES;
				INFOPLIST_KEY_UISupportedInterfaceOrientations_iPad = "UIInterfaceOrientationPortrait UIInterfaceOrientationPortraitUpsideDown UIInterfaceOrientationLandscapeLeft UIInterfaceOrientationLandscapeRight";
				INFOPLIST_KEY_UISupportedInterfaceOrientations_iPhone = "UIInterfaceOrientationPortrait UIInterfaceOrientationLandscapeLeft UIInterfaceOrientationLandscapeRight";
				LD_RUNPATH_SEARCH_PATHS = (
					"$(inherited)",
					"@executable_path/Frameworks",
				);
				MARKETING_VERSION = 1.0;
				PRODUCT_BUNDLE_IDENTIFIER = "com.sedatonat.Tutorial-RM-AppleCalculator";
				PRODUCT_NAME = "$(TARGET_NAME)";
				SWIFT_EMIT_LOC_STRINGS = YES;
				SWIFT_VERSION = 5.0;
				TARGETED_DEVICE_FAMILY = "1,2";
			};
			name = Debug;
		};
		E3C1D31B290A86ED0066C530 /* Release */ = {
			isa = XCBuildConfiguration;
			buildSettings = {
				ASSETCATALOG_COMPILER_APPICON_NAME = AppIcon;
				ASSETCATALOG_COMPILER_GLOBAL_ACCENT_COLOR_NAME = AccentColor;
				CODE_SIGN_STYLE = Automatic;
				CURRENT_PROJECT_VERSION = 1;
				DEVELOPMENT_ASSET_PATHS = "\"Tutorial_RM_AppleCalculator/Preview Content\"";
				DEVELOPMENT_TEAM = AM5TRWBH6U;
				ENABLE_PREVIEWS = YES;
				GENERATE_INFOPLIST_FILE = YES;
				INFOPLIST_KEY_UIApplicationSceneManifest_Generation = YES;
				INFOPLIST_KEY_UIApplicationSupportsIndirectInputEvents = YES;
				INFOPLIST_KEY_UILaunchScreen_Generation = YES;
				INFOPLIST_KEY_UISupportedInterfaceOrientations_iPad = "UIInterfaceOrientationPortrait UIInterfaceOrientationPortraitUpsideDown UIInterfaceOrientationLandscapeLeft UIInterfaceOrientationLandscapeRight";
				INFOPLIST_KEY_UISupportedInterfaceOrientations_iPhone = "UIInterfaceOrientationPortrait UIInterfaceOrientationLandscapeLeft UIInterfaceOrientationLandscapeRight";
				LD_RUNPATH_SEARCH_PATHS = (
					"$(inherited)",
					"@executable_path/Frameworks",
				);
				MARKETING_VERSION = 1.0;
				PRODUCT_BUNDLE_IDENTIFIER = "com.sedatonat.Tutorial-RM-AppleCalculator";
				PRODUCT_NAME = "$(TARGET_NAME)";
				SWIFT_EMIT_LOC_STRINGS = YES;
				SWIFT_VERSION = 5.0;
				TARGETED_DEVICE_FAMILY = "1,2";
			};
			name = Release;
		};
/* End XCBuildConfiguration section */

/* Begin XCConfigurationList section */
		E3C1D306290A86EC0066C530 /* Build configuration list for PBXProject "Tutorial_RM_AppleCalculator" */ = {
			isa = XCConfigurationList;
			buildConfigurations = (
				E3C1D317290A86ED0066C530 /* Debug */,
				E3C1D318290A86ED0066C530 /* Release */,
			);
			defaultConfigurationIsVisible = 0;
			defaultConfigurationName = Release;
		};
		E3C1D319290A86ED0066C530 /* Build configuration list for PBXNativeTarget "Tutorial_RM_AppleCalculator" */ = {
			isa = XCConfigurationList;
			buildConfigurations = (
				E3C1D31A290A86ED0066C530 /* Debug */,
				E3C1D31B290A86ED0066C530 /* Release */,
			);
			defaultConfigurationIsVisible = 0;
			defaultConfigurationName = Release;
		};
/* End XCConfigurationList section */
	};
	rootObject = E3C1D303290A86EC0066C530 /* Project object */;
}
